
Microsoft Visual Studio Solution File, Format Version 12.00
Project("{FAE04EC0-301F-11D3-BF4B-00C04F79EFBC}") = "CoinGecko", "CoinGecko\CoinGecko.csproj", "{5B789AD4-5670-44AC-9456-F3978621FF7D}"
EndProject
Project("{FAE04EC0-301F-11D3-BF4B-00C04F79EFBC}") = "TestCrypto", "TestCrypto\TestCrypto.csproj", "{09786813-9FC3-47D6-A782-20DCCCCA516D}"
EndProject
Global
	GlobalSection(SolutionConfigurationPlatforms) = preSolution
		Debug|Any CPU = Debug|Any CPU
		Release|Any CPU = Release|Any CPU
	EndGlobalSection
	GlobalSection(ProjectConfigurationPlatforms) = postSolution
		{5B789AD4-5670-44AC-9456-F3978621FF7D}.Debug|Any CPU.ActiveCfg = Debug|Any CPU
		{5B789AD4-5670-44AC-9456-F3978621FF7D}.Debug|Any CPU.Build.0 = Debug|Any CPU
		{5B789AD4-5670-44AC-9456-F3978621FF7D}.Release|Any CPU.ActiveCfg = Release|Any CPU
		{5B789AD4-5670-44AC-9456-F3978621FF7D}.Release|Any CPU.Build.0 = Release|Any CPU
		{09786813-9FC3-47D6-A782-20DCCCCA516D}.Debug|Any CPU.ActiveCfg = Debug|Any CPU
		{09786813-9FC3-47D6-A782-20DCCCCA516D}.Debug|Any CPU.Build.0 = Debug|Any CPU
		{09786813-9FC3-47D6-A782-20DCCCCA516D}.Release|Any CPU.ActiveCfg = Release|Any CPU
		{09786813-9FC3-47D6-A782-20DCCCCA516D}.Release|Any CPU.Build.0 = Release|Any CPU
	EndGlobalSection
EndGlobal
